
Microsoft Visual Studio Solution File, Format Version 12.00
# Visual Studio Version 17
VisualStudioVersion = 17.9.34701.34
MinimumVisualStudioVersion = 10.0.40219.1
Project("{FAE04EC0-301F-11D3-BF4B-00C04F79EFBC}") = "TimeTracker.Api", "TimeTracker.Api\TimeTracker.Api.csproj", "{D154049B-E2FF-4B72-95D0-DB1E56251A1F}"
EndProject
Project("{FAE04EC0-301F-11D3-BF4B-00C04F79EFBC}") = "TimeTracker.Shared", "TimeTracker.Shared\TimeTracker.Shared.csproj", "{9B2A7649-5A39-4D13-B38A-0395296FE56F}"
EndProject
Global
	GlobalSection(SolutionConfigurationPlatforms) = preSolution
		Debug|Any CPU = Debug|Any CPU
		Release|Any CPU = Release|Any CPU
	EndGlobalSection
	GlobalSection(ProjectConfigurationPlatforms) = postSolution
		{D154049B-E2FF-4B72-95D0-DB1E56251A1F}.Debug|Any CPU.ActiveCfg = Debug|Any CPU
		{D154049B-E2FF-4B72-95D0-DB1E56251A1F}.Debug|Any CPU.Build.0 = Debug|Any CPU
		{D154049B-E2FF-4B72-95D0-DB1E56251A1F}.Release|Any CPU.ActiveCfg = Release|Any CPU
		{D154049B-E2FF-4B72-95D0-DB1E56251A1F}.Release|Any CPU.Build.0 = Release|Any CPU
		{9B2A7649-5A39-4D13-B38A-0395296FE56F}.Debug|Any CPU.ActiveCfg = Debug|Any CPU
		{9B2A7649-5A39-4D13-B38A-0395296FE56F}.Debug|Any CPU.Build.0 = Debug|Any CPU
		{9B2A7649-5A39-4D13-B38A-0395296FE56F}.Release|Any CPU.ActiveCfg = Release|Any CPU
		{9B2A7649-5A39-4D13-B38A-0395296FE56F}.Release|Any CPU.Build.0 = Release|Any CPU
	EndGlobalSection
	GlobalSection(SolutionProperties) = preSolution
		HideSolutionNode = FALSE
	EndGlobalSection
	GlobalSection(ExtensibilityGlobals) = postSolution
		SolutionGuid = {A3BACEB7-D484-4071-BCDB-CED6B0A6CDF9}
	EndGlobalSection
EndGlobal
